// !$*UTF8*$!
{
	archiveVersion = 1;
	classes = {
	};
	objectVersion = 50;
	objects = {

/* Begin PBXBuildFile section */
		963659A423C5094C00B32E27 /* AppDelegate.swift in Sources */ = {isa = PBXBuildFile; fileRef = 963659A323C5094C00B32E27 /* AppDelegate.swift */; };
		963659A623C5094C00B32E27 /* SceneDelegate.swift in Sources */ = {isa = PBXBuildFile; fileRef = 963659A523C5094C00B32E27 /* SceneDelegate.swift */; };
		963659A823C5094C00B32E27 /* ContentView.swift in Sources */ = {isa = PBXBuildFile; fileRef = 963659A723C5094C00B32E27 /* ContentView.swift */; };
		963659AA23C5094E00B32E27 /* Assets.xcassets in Resources */ = {isa = PBXBuildFile; fileRef = 963659A923C5094E00B32E27 /* Assets.xcassets */; };
		963659AD23C5094E00B32E27 /* Preview Assets.xcassets in Resources */ = {isa = PBXBuildFile; fileRef = 963659AC23C5094E00B32E27 /* Preview Assets.xcassets */; };
		963659B023C5094E00B32E27 /* LaunchScreen.storyboard in Resources */ = {isa = PBXBuildFile; fileRef = 963659AE23C5094E00B32E27 /* LaunchScreen.storyboard */; };
		963659BB23C5094F00B32E27 /* Example_1Tests.swift in Sources */ = {isa = PBXBuildFile; fileRef = 963659BA23C5094F00B32E27 /* Example_1Tests.swift */; };
		963659C623C5094F00B32E27 /* Example_1UITests.swift in Sources */ = {isa = PBXBuildFile; fileRef = 963659C523C5094F00B32E27 /* Example_1UITests.swift */; };
/* End PBXBuildFile section */

/* Begin PBXContainerItemProxy section */
		963659B723C5094F00B32E27 /* PBXContainerItemProxy */ = {
			isa = PBXContainerItemProxy;
			containerPortal = 9636599823C5094C00B32E27 /* Project object */;
			proxyType = 1;
			remoteGlobalIDString = 9636599F23C5094C00B32E27;
			remoteInfo = "Example 1";
		};
		963659C223C5094F00B32E27 /* PBXContainerItemProxy */ = {
			isa = PBXContainerItemProxy;
			containerPortal = 9636599823C5094C00B32E27 /* Project object */;
			proxyType = 1;
			remoteGlobalIDString = 9636599F23C5094C00B32E27;
			remoteInfo = "Example 1";
		};
/* End PBXContainerItemProxy section */

/* Begin PBXFileReference section */
		962B9F5D23C79C0100B8CF91 /* MyPlayground.playground */ = {isa = PBXFileReference; lastKnownFileType = file.playground; path = MyPlayground.playground; sourceTree = "<group>"; xcLanguageSpecificationIdentifier = xcode.lang.swift; };
		963659A023C5094C00B32E27 /* Example 1.app */ = {isa = PBXFileReference; explicitFileType = wrapper.application; includeInIndex = 0; path = "Example 1.app"; sourceTree = BUILT_PRODUCTS_DIR; };
		963659A323C5094C00B32E27 /* AppDelegate.swift */ = {isa = PBXFileReference; lastKnownFileType = sourcecode.swift; path = AppDelegate.swift; sourceTree = "<group>"; };
		963659A523C5094C00B32E27 /* SceneDelegate.swift */ = {isa = PBXFileReference; lastKnownFileType = sourcecode.swift; path = SceneDelegate.swift; sourceTree = "<group>"; };
		963659A723C5094C00B32E27 /* ContentView.swift */ = {isa = PBXFileReference; lastKnownFileType = sourcecode.swift; path = ContentView.swift; sourceTree = "<group>"; };
		963659A923C5094E00B32E27 /* Assets.xcassets */ = {isa = PBXFileReference; lastKnownFileType = folder.assetcatalog; path = Assets.xcassets; sourceTree = "<group>"; };
		963659AC23C5094E00B32E27 /* Preview Assets.xcassets */ = {isa = PBXFileReference; lastKnownFileType = folder.assetcatalog; path = "Preview Assets.xcassets"; sourceTree = "<group>"; };
		963659AF23C5094E00B32E27 /* Base */ = {isa = PBXFileReference; lastKnownFileType = file.storyboard; name = Base; path = Base.lproj/LaunchScreen.storyboard; sourceTree = "<group>"; };
		963659B123C5094E00B32E27 /* Info.plist */ = {isa = PBXFileReference; lastKnownFileType = text.plist.xml; path = Info.plist; sourceTree = "<group>"; };
		963659B623C5094F00B32E27 /* Example 1Tests.xctest */ = {isa = PBXFileReference; explicitFileType = wrapper.cfbundle; includeInIndex = 0; path = "Example 1Tests.xctest"; sourceTree = BUILT_PRODUCTS_DIR; };
		963659BA23C5094F00B32E27 /* Example_1Tests.swift */ = {isa = PBXFileReference; lastKnownFileType = sourcecode.swift; path = Example_1Tests.swift; sourceTree = "<group>"; };
		963659BC23C5094F00B32E27 /* Info.plist */ = {isa = PBXFileReference; lastKnownFileType = text.plist.xml; path = Info.plist; sourceTree = "<group>"; };
		963659C123C5094F00B32E27 /* Example 1UITests.xctest */ = {isa = PBXFileReference; explicitFileType = wrapper.cfbundle; includeInIndex = 0; path = "Example 1UITests.xctest"; sourceTree = BUILT_PRODUCTS_DIR; };
		963659C523C5094F00B32E27 /* Example_1UITests.swift */ = {isa = PBXFileReference; lastKnownFileType = sourcecode.swift; path = Example_1UITests.swift; sourceTree = "<group>"; };
		963659C723C5094F00B32E27 /* Info.plist */ = {isa = PBXFileReference; lastKnownFileType = text.plist.xml; path = Info.plist; sourceTree = "<group>"; };
/* End PBXFileReference section */

/* Begin PBXFrameworksBuildPhase section */
		9636599D23C5094C00B32E27 /* Frameworks */ = {
			isa = PBXFrameworksBuildPhase;
			buildActionMask = 2147483647;
			files = (
			);
			runOnlyForDeploymentPostprocessing = 0;
		};
		963659B323C5094F00B32E27 /* Frameworks */ = {
			isa = PBXFrameworksBuildPhase;
			buildActionMask = 2147483647;
			files = (
			);
			runOnlyForDeploymentPostprocessing = 0;
		};
		963659BE23C5094F00B32E27 /* Frameworks */ = {
			isa = PBXFrameworksBuildPhase;
			buildActionMask = 2147483647;
			files = (
			);
			runOnlyForDeploymentPostprocessing = 0;
		};
/* End PBXFrameworksBuildPhase section */

/* Begin PBXGroup section */
		9636599723C5094C00B32E27 = {
			isa = PBXGroup;
			children = (
				962B9F5D23C79C0100B8CF91 /* MyPlayground.playground */,
				963659A223C5094C00B32E27 /* Example 1 */,
				963659B923C5094F00B32E27 /* Example 1Tests */,
				963659C423C5094F00B32E27 /* Example 1UITests */,
				963659A123C5094C00B32E27 /* Products */,
			);
			sourceTree = "<group>";
		};
		963659A123C5094C00B32E27 /* Products */ = {
			isa = PBXGroup;
			children = (
				963659A023C5094C00B32E27 /* Example 1.app */,
				963659B623C5094F00B32E27 /* Example 1Tests.xctest */,
				963659C123C5094F00B32E27 /* Example 1UITests.xctest */,
			);
			name = Products;
			sourceTree = "<group>";
		};
		963659A223C5094C00B32E27 /* Example 1 */ = {
			isa = PBXGroup;
			children = (
				963659A323C5094C00B32E27 /* AppDelegate.swift */,
				963659A523C5094C00B32E27 /* SceneDelegate.swift */,
				963659A723C5094C00B32E27 /* ContentView.swift */,
				963659A923C5094E00B32E27 /* Assets.xcassets */,
				963659AE23C5094E00B32E27 /* LaunchScreen.storyboard */,
				963659B123C5094E00B32E27 /* Info.plist */,
				963659AB23C5094E00B32E27 /* Preview Content */,
			);
			path = "Example 1";
			sourceTree = "<group>";
		};
		963659AB23C5094E00B32E27 /* Preview Content */ = {
			isa = PBXGroup;
			children = (
				963659AC23C5094E00B32E27 /* Preview Assets.xcassets */,
			);
			path = "Preview Content";
			sourceTree = "<group>";
		};
		963659B923C5094F00B32E27 /* Example 1Tests */ = {
			isa = PBXGroup;
			children = (
				963659BA23C5094F00B32E27 /* Example_1Tests.swift */,
				963659BC23C5094F00B32E27 /* Info.plist */,
			);
			path = "Example 1Tests";
			sourceTree = "<group>";
		};
		963659C423C5094F00B32E27 /* Example 1UITests */ = {
			isa = PBXGroup;
			children = (
				963659C523C5094F00B32E27 /* Example_1UITests.swift */,
				963659C723C5094F00B32E27 /* Info.plist */,
			);
			path = "Example 1UITests";
			sourceTree = "<group>";
		};
/* End PBXGroup section */

/* Begin PBXNativeTarget section */
		9636599F23C5094C00B32E27 /* Example 1 */ = {
			isa = PBXNativeTarget;
			buildConfigurationList = 963659CA23C5094F00B32E27 /* Build configuration list for PBXNativeTarget "Example 1" */;
			buildPhases = (
				9636599C23C5094C00B32E27 /* Sources */,
				9636599D23C5094C00B32E27 /* Frameworks */,
				9636599E23C5094C00B32E27 /* Resources */,
			);
			buildRules = (
			);
			dependencies = (
			);
			name = "Example 1";
			productName = "Example 1";
			productReference = 963659A023C5094C00B32E27 /* Example 1.app */;
			productType = "com.apple.product-type.application";
		};
		963659B523C5094F00B32E27 /* Example 1Tests */ = {
			isa = PBXNativeTarget;
			buildConfigurationList = 963659CD23C5094F00B32E27 /* Build configuration list for PBXNativeTarget "Example 1Tests" */;
			buildPhases = (
				963659B223C5094F00B32E27 /* Sources */,
				963659B323C5094F00B32E27 /* Frameworks */,
				963659B423C5094F00B32E27 /* Resources */,
			);
			buildRules = (
			);
			dependencies = (
				963659B823C5094F00B32E27 /* PBXTargetDependency */,
			);
			name = "Example 1Tests";
			productName = "Example 1Tests";
			productReference = 963659B623C5094F00B32E27 /* Example 1Tests.xctest */;
			productType = "com.apple.product-type.bundle.unit-test";
		};
		963659C023C5094F00B32E27 /* Example 1UITests */ = {
			isa = PBXNativeTarget;
			buildConfigurationList = 963659D023C5094F00B32E27 /* Build configuration list for PBXNativeTarget "Example 1UITests" */;
			buildPhases = (
				963659BD23C5094F00B32E27 /* Sources */,
				963659BE23C5094F00B32E27 /* Frameworks */,
				963659BF23C5094F00B32E27 /* Resources */,
			);
			buildRules = (
			);
			dependencies = (
				963659C323C5094F00B32E27 /* PBXTargetDependency */,
			);
			name = "Example 1UITests";
			productName = "Example 1UITests";
			productReference = 963659C123C5094F00B32E27 /* Example 1UITests.xctest */;
			productType = "com.apple.product-type.bundle.ui-testing";
		};
/* End PBXNativeTarget section */

/* Begin PBXProject section */
		9636599823C5094C00B32E27 /* Project object */ = {
			isa = PBXProject;
			attributes = {
				LastSwiftUpdateCheck = 1130;
				LastUpgradeCheck = 1130;
				ORGANIZATIONNAME = "David Garcia hernandez";
				TargetAttributes = {
					9636599F23C5094C00B32E27 = {
						CreatedOnToolsVersion = 11.3;
					};
					963659B523C5094F00B32E27 = {
						CreatedOnToolsVersion = 11.3;
						TestTargetID = 9636599F23C5094C00B32E27;
					};
					963659C023C5094F00B32E27 = {
						CreatedOnToolsVersion = 11.3;
						TestTargetID = 9636599F23C5094C00B32E27;
					};
				};
			};
			buildConfigurationList = 9636599B23C5094C00B32E27 /* Build configuration list for PBXProject "Example 1" */;
			compatibilityVersion = "Xcode 9.3";
			developmentRegion = en;
			hasScannedForEncodings = 0;
			knownRegions = (
				en,
				Base,
			);
			mainGroup = 9636599723C5094C00B32E27;
			productRefGroup = 963659A123C5094C00B32E27 /* Products */;
			projectDirPath = "";
			projectRoot = "";
			targets = (
				9636599F23C5094C00B32E27 /* Example 1 */,
				963659B523C5094F00B32E27 /* Example 1Tests */,
				963659C023C5094F00B32E27 /* Example 1UITests */,
			);
		};
/* End PBXProject section */

/* Begin PBXResourcesBuildPhase section */
		9636599E23C5094C00B32E27 /* Resources */ = {
			isa = PBXResourcesBuildPhase;
			buildActionMask = 2147483647;
			files = (
				963659B023C5094E00B32E27 /* LaunchScreen.storyboard in Resources */,
				963659AD23C5094E00B32E27 /* Preview Assets.xcassets in Resources */,
				963659AA23C5094E00B32E27 /* Assets.xcassets in Resources */,
			);
			runOnlyForDeploymentPostprocessing = 0;
		};
		963659B423C5094F00B32E27 /* Resources */ = {
			isa = PBXResourcesBuildPhase;
			buildActionMask = 2147483647;
			files = (
			);
			runOnlyForDeploymentPostprocessing = 0;
		};
		963659BF23C5094F00B32E27 /* Resources */ = {
			isa = PBXResourcesBuildPhase;
			buildActionMask = 2147483647;
			files = (
			);
			runOnlyForDeploymentPostprocessing = 0;
		};
/* End PBXResourcesBuildPhase section */

/* Begin PBXSourcesBuildPhase section */
		9636599C23C5094C00B32E27 /* Sources */ = {
			isa = PBXSourcesBuildPhase;
			buildActionMask = 2147483647;
			files = (
				963659A423C5094C00B32E27 /* AppDelegate.swift in Sources */,
				963659A623C5094C00B32E27 /* SceneDelegate.swift in Sources */,
				963659A823C5094C00B32E27 /* ContentView.swift in Sources */,
			);
			runOnlyForDeploymentPostprocessing = 0;
		};
		963659B223C5094F00B32E27 /* Sources */ = {
			isa = PBXSourcesBuildPhase;
			buildActionMask = 2147483647;
			files = (
				963659BB23C5094F00B32E27 /* Example_1Tests.swift in Sources */,
			);
			runOnlyForDeploymentPostprocessing = 0;
		};
		963659BD23C5094F00B32E27 /* Sources */ = {
			isa = PBXSourcesBuildPhase;
			buildActionMask = 2147483647;
			files = (
				963659C623C5094F00B32E27 /* Example_1UITests.swift in Sources */,
			);
			runOnlyForDeploymentPostprocessing = 0;
		};
/* End PBXSourcesBuildPhase section */

/* Begin PBXTargetDependency section */
		963659B823C5094F00B32E27 /* PBXTargetDependency */ = {
			isa = PBXTargetDependency;
			target = 9636599F23C5094C00B32E27 /* Example 1 */;
			targetProxy = 963659B723C5094F00B32E27 /* PBXContainerItemProxy */;
		};
		963659C323C5094F00B32E27 /* PBXTargetDependency */ = {
			isa = PBXTargetDependency;
			target = 9636599F23C5094C00B32E27 /* Example 1 */;
			targetProxy = 963659C223C5094F00B32E27 /* PBXContainerItemProxy */;
		};
/* End PBXTargetDependency section */

/* Begin PBXVariantGroup section */
		963659AE23C5094E00B32E27 /* LaunchScreen.storyboard */ = {
			isa = PBXVariantGroup;
			children = (
				963659AF23C5094E00B32E27 /* Base */,
			);
			name = LaunchScreen.storyboard;
			sourceTree = "<group>";
		};
/* End PBXVariantGroup section */

/* Begin XCBuildConfiguration section */
		963659C823C5094F00B32E27 /* Debug */ = {
			isa = XCBuildConfiguration;
			buildSettings = {
				ALWAYS_SEARCH_USER_PATHS = NO;
				CLANG_ANALYZER_NONNULL = YES;
				CLANG_ANALYZER_NUMBER_OBJECT_CONVERSION = YES_AGGRESSIVE;
				CLANG_CXX_LANGUAGE_STANDARD = "gnu++14";
				CLANG_CXX_LIBRARY = "libc++";
				CLANG_ENABLE_MODULES = YES;
				CLANG_ENABLE_OBJC_ARC = YES;
				CLANG_ENABLE_OBJC_WEAK = YES;
				CLANG_WARN_BLOCK_CAPTURE_AUTORELEASING = YES;
				CLANG_WARN_BOOL_CONVERSION = YES;
				CLANG_WARN_COMMA = YES;
				CLANG_WARN_CONSTANT_CONVERSION = YES;
				CLANG_WARN_DEPRECATED_OBJC_IMPLEMENTATIONS = YES;
				CLANG_WARN_DIRECT_OBJC_ISA_USAGE = YES_ERROR;
				CLANG_WARN_DOCUMENTATION_COMMENTS = YES;
				CLANG_WARN_EMPTY_BODY = YES;
				CLANG_WARN_ENUM_CONVERSION = YES;
				CLANG_WARN_INFINITE_RECURSION = YES;
				CLANG_WARN_INT_CONVERSION = YES;
				CLANG_WARN_NON_LITERAL_NULL_CONVERSION = YES;
				CLANG_WARN_OBJC_IMPLICIT_RETAIN_SELF = YES;
				CLANG_WARN_OBJC_LITERAL_CONVERSION = YES;
				CLANG_WARN_OBJC_ROOT_CLASS = YES_ERROR;
				CLANG_WARN_RANGE_LOOP_ANALYSIS = YES;
				CLANG_WARN_STRICT_PROTOTYPES = YES;
				CLANG_WARN_SUSPICIOUS_MOVE = YES;
				CLANG_WARN_UNGUARDED_AVAILABILITY = YES_AGGRESSIVE;
				CLANG_WARN_UNREACHABLE_CODE = YES;
				CLANG_WARN__DUPLICATE_METHOD_MATCH = YES;
				COPY_PHASE_STRIP = NO;
				DEBUG_INFORMATION_FORMAT = dwarf;
				ENABLE_STRICT_OBJC_MSGSEND = YES;
				ENABLE_TESTABILITY = YES;
				GCC_C_LANGUAGE_STANDARD = gnu11;
				GCC_DYNAMIC_NO_PIC = NO;
				GCC_NO_COMMON_BLOCKS = YES;
				GCC_OPTIMIZATION_LEVEL = 0;
				GCC_PREPROCESSOR_DEFINITIONS = (
					"DEBUG=1",
					"$(inherited)",
				);
				GCC_WARN_64_TO_32_BIT_CONVERSION = YES;
				GCC_WARN_ABOUT_RETURN_TYPE = YES_ERROR;
				GCC_WARN_UNDECLARED_SELECTOR = YES;
				GCC_WARN_UNINITIALIZED_AUTOS = YES_AGGRESSIVE;
				GCC_WARN_UNUSED_FUNCTION = YES;
				GCC_WARN_UNUSED_VARIABLE = YES;
				IPHONEOS_DEPLOYMENT_TARGET = 13.2;
				MTL_ENABLE_DEBUG_INFO = INCLUDE_SOURCE;
				MTL_FAST_MATH = YES;
				ONLY_ACTIVE_ARCH = YES;
				SDKROOT = iphoneos;
				SWIFT_ACTIVE_COMPILATION_CONDITIONS = DEBUG;
				SWIFT_OPTIMIZATION_LEVEL = "-Onone";
			};
			name = Debug;
		};
		963659C923C5094F00B32E27 /* Release */ = {
			isa = XCBuildConfiguration;
			buildSettings = {
				ALWAYS_SEARCH_USER_PATHS = NO;
				CLANG_ANALYZER_NONNULL = YES;
				CLANG_ANALYZER_NUMBER_OBJECT_CONVERSION = YES_AGGRESSIVE;
				CLANG_CXX_LANGUAGE_STANDARD = "gnu++14";
				CLANG_CXX_LIBRARY = "libc++";
				CLANG_ENABLE_MODULES = YES;
				CLANG_ENABLE_OBJC_ARC = YES;
				CLANG_ENABLE_OBJC_WEAK = YES;
				CLANG_WARN_BLOCK_CAPTURE_AUTORELEASING = YES;
				CLANG_WARN_BOOL_CONVERSION = YES;
				CLANG_WARN_COMMA = YES;
				CLANG_WARN_CONSTANT_CONVERSION = YES;
				CLANG_WARN_DEPRECATED_OBJC_IMPLEMENTATIONS = YES;
				CLANG_WARN_DIRECT_OBJC_ISA_USAGE = YES_ERROR;
				CLANG_WARN_DOCUMENTATION_COMMENTS = YES;
				CLANG_WARN_EMPTY_BODY = YES;
				CLANG_WARN_ENUM_CONVERSION = YES;
				CLANG_WARN_INFINITE_RECURSION = YES;
				CLANG_WARN_INT_CONVERSION = YES;
				CLANG_WARN_NON_LITERAL_NULL_CONVERSION = YES;
				CLANG_WARN_OBJC_IMPLICIT_RETAIN_SELF = YES;
				CLANG_WARN_OBJC_LITERAL_CONVERSION = YES;
				CLANG_WARN_OBJC_ROOT_CLASS = YES_ERROR;
				CLANG_WARN_RANGE_LOOP_ANALYSIS = YES;
				CLANG_WARN_STRICT_PROTOTYPES = YES;
				CLANG_WARN_SUSPICIOUS_MOVE = YES;
				CLANG_WARN_UNGUARDED_AVAILABILITY = YES_AGGRESSIVE;
				CLANG_WARN_UNREACHABLE_CODE = YES;
				CLANG_WARN__DUPLICATE_METHOD_MATCH = YES;
				COPY_PHASE_STRIP = NO;
				DEBUG_INFORMATION_FORMAT = "dwarf-with-dsym";
				ENABLE_NS_ASSERTIONS = NO;
				ENABLE_STRICT_OBJC_MSGSEND = YES;
				GCC_C_LANGUAGE_STANDARD = gnu11;
				GCC_NO_COMMON_BLOCKS = YES;
				GCC_WARN_64_TO_32_BIT_CONVERSION = YES;
				GCC_WARN_ABOUT_RETURN_TYPE = YES_ERROR;
				GCC_WARN_UNDECLARED_SELECTOR = YES;
				GCC_WARN_UNINITIALIZED_AUTOS = YES_AGGRESSIVE;
				GCC_WARN_UNUSED_FUNCTION = YES;
				GCC_WARN_UNUSED_VARIABLE = YES;
				IPHONEOS_DEPLOYMENT_TARGET = 13.2;
				MTL_ENABLE_DEBUG_INFO = NO;
				MTL_FAST_MATH = YES;
				SDKROOT = iphoneos;
				SWIFT_COMPILATION_MODE = wholemodule;
				SWIFT_OPTIMIZATION_LEVEL = "-O";
				VALIDATE_PRODUCT = YES;
			};
			name = Release;
		};
		963659CB23C5094F00B32E27 /* Debug */ = {
			isa = XCBuildConfiguration;
			buildSettings = {
				ASSETCATALOG_COMPILER_APPICON_NAME = AppIcon;
				CODE_SIGN_STYLE = Automatic;
				DEVELOPMENT_ASSET_PATHS = "\"Example 1/Preview Content\"";
				ENABLE_PREVIEWS = YES;
				INFOPLIST_FILE = "Example 1/Info.plist";
				LD_RUNPATH_SEARCH_PATHS = (
					"$(inherited)",
					"@executable_path/Frameworks",
				);
				PRODUCT_BUNDLE_IDENTIFIER = "a.Example-1";
				PRODUCT_NAME = "$(TARGET_NAME)";
				SWIFT_VERSION = 5.0;
				TARGETED_DEVICE_FAMILY = "1,2";
			};
			name = Debug;
		};
		963659CC23C5094F00B32E27 /* Release */ = {
			isa = XCBuildConfiguration;
			buildSettings = {
				ASSETCATALOG_COMPILER_APPICON_NAME = AppIcon;
				CODE_SIGN_STYLE = Automatic;
				DEVELOPMENT_ASSET_PATHS = "\"Example 1/Preview Content\"";
				ENABLE_PREVIEWS = YES;
				INFOPLIST_FILE = "Example 1/Info.plist";
				LD_RUNPATH_SEARCH_PATHS = (
					"$(inherited)",
					"@executable_path/Frameworks",
				);
				PRODUCT_BUNDLE_IDENTIFIER = "a.Example-1";
				PRODUCT_NAME = "$(TARGET_NAME)";
				SWIFT_VERSION = 5.0;
				TARGETED_DEVICE_FAMILY = "1,2";
			};
			name = Release;
		};
		963659CE23C5094F00B32E27 /* Debug */ = {
			isa = XCBuildConfiguration;
			buildSettings = {
				ALWAYS_EMBED_SWIFT_STANDARD_LIBRARIES = YES;
				BUNDLE_LOADER = "$(TEST_HOST)";
				CODE_SIGN_STYLE = Automatic;
				INFOPLIST_FILE = "Example 1Tests/Info.plist";
				IPHONEOS_DEPLOYMENT_TARGET = 13.2;
				LD_RUNPATH_SEARCH_PATHS = (
					"$(inherited)",
					"@executable_path/Frameworks",
					"@loader_path/Frameworks",
				);
				PRODUCT_BUNDLE_IDENTIFIER = "a.Example-1Tests";
				PRODUCT_NAME = "$(TARGET_NAME)";
				SWIFT_VERSION = 5.0;
				TARGETED_DEVICE_FAMILY = "1,2";
				TEST_HOST = "$(BUILT_PRODUCTS_DIR)/Example 1.app/Example 1";
			};
			name = Debug;
		};
		963659CF23C5094F00B32E27 /* Release */ = {
			isa = XCBuildConfiguration;
			buildSettings = {
				ALWAYS_EMBED_SWIFT_STANDARD_LIBRARIES = YES;
				BUNDLE_LOADER = "$(TEST_HOST)";
				CODE_SIGN_STYLE = Automatic;
				INFOPLIST_FILE = "Example 1Tests/Info.plist";
				IPHONEOS_DEPLOYMENT_TARGET = 13.2;
				LD_RUNPATH_SEARCH_PATHS = (
					"$(inherited)",
					"@executable_path/Frameworks",
					"@loader_path/Frameworks",
				);
				PRODUCT_BUNDLE_IDENTIFIER = "a.Example-1Tests";
				PRODUCT_NAME = "$(TARGET_NAME)";
				SWIFT_VERSION = 5.0;
				TARGETED_DEVICE_FAMILY = "1,2";
				TEST_HOST = "$(BUILT_PRODUCTS_DIR)/Example 1.app/Example 1";
			};
			name = Release;
		};
		963659D123C5094F00B32E27 /* Debug */ = {
			isa = XCBuildConfiguration;
			buildSettings = {
				ALWAYS_EMBED_SWIFT_STANDARD_LIBRARIES = YES;
				CODE_SIGN_STYLE = Automatic;
				INFOPLIST_FILE = "Example 1UITests/Info.plist";
				LD_RUNPATH_SEARCH_PATHS = (
					"$(inherited)",
					"@executable_path/Frameworks",
					"@loader_path/Frameworks",
				);
				PRODUCT_BUNDLE_IDENTIFIER = "a.Example-1UITests";
				PRODUCT_NAME = "$(TARGET_NAME)";
				SWIFT_VERSION = 5.0;
				TARGETED_DEVICE_FAMILY = "1,2";
				TEST_TARGET_NAME = "Example 1";
			};
			name = Debug;
		};
		963659D223C5094F00B32E27 /* Release */ = {
			isa = XCBuildConfiguration;
			buildSettings = {
				ALWAYS_EMBED_SWIFT_STANDARD_LIBRARIES = YES;
				CODE_SIGN_STYLE = Automatic;
				INFOPLIST_FILE = "Example 1UITests/Info.plist";
				LD_RUNPATH_SEARCH_PATHS = (
					"$(inherited)",
					"@executable_path/Frameworks",
					"@loader_path/Frameworks",
				);
				PRODUCT_BUNDLE_IDENTIFIER = "a.Example-1UITests";
				PRODUCT_NAME = "$(TARGET_NAME)";
				SWIFT_VERSION = 5.0;
				TARGETED_DEVICE_FAMILY = "1,2";
				TEST_TARGET_NAME = "Example 1";
			};
			name = Release;
		};
/* End XCBuildConfiguration section */

/* Begin XCConfigurationList section */
		9636599B23C5094C00B32E27 /* Build configuration list for PBXProject "Example 1" */ = {
			isa = XCConfigurationList;
			buildConfigurations = (
				963659C823C5094F00B32E27 /* Debug */,
				963659C923C5094F00B32E27 /* Release */,
			);
			defaultConfigurationIsVisible = 0;
			defaultConfigurationName = Release;
		};
		963659CA23C5094F00B32E27 /* Build configuration list for PBXNativeTarget "Example 1" */ = {
			isa = XCConfigurationList;
			buildConfigurations = (
				963659CB23C5094F00B32E27 /* Debug */,
				963659CC23C5094F00B32E27 /* Release */,
			);
			defaultConfigurationIsVisible = 0;
			defaultConfigurationName = Release;
		};
		963659CD23C5094F00B32E27 /* Build configuration list for PBXNativeTarget "Example 1Tests" */ = {
			isa = XCConfigurationList;
			buildConfigurations = (
				963659CE23C5094F00B32E27 /* Debug */,
				963659CF23C5094F00B32E27 /* Release */,
			);
			defaultConfigurationIsVisible = 0;
			defaultConfigurationName = Release;
		};
		963659D023C5094F00B32E27 /* Build configuration list for PBXNativeTarget "Example 1UITests" */ = {
			isa = XCConfigurationList;
			buildConfigurations = (
				963659D123C5094F00B32E27 /* Debug */,
				963659D223C5094F00B32E27 /* Release */,
			);
			defaultConfigurationIsVisible = 0;
			defaultConfigurationName = Release;
		};
/* End XCConfigurationList section */
	};
	rootObject = 9636599823C5094C00B32E27 /* Project object */;
}
